
Microsoft Visual Studio Solution File, Format Version 12.00
# Visual Studio Version 17
VisualStudioVersion = 17.7.34221.43
MinimumVisualStudioVersion = 10.0.40219.1
Project("{9A19103F-16F7-4668-BE54-9A1E7A4F7556}") = "Application", "..\Application\Application.csproj", "{C5D652A0-DD28-46D7-BC2D-EB661E78A185}"
EndProject
Project("{9A19103F-16F7-4668-BE54-9A1E7A4F7556}") = "Infrastructure", "..\DataAccess\Infrastructure.csproj", "{87F3202C-CAE4-4321-A473-11E61CF00B4A}"
EndProject
Project("{9A19103F-16F7-4668-BE54-9A1E7A4F7556}") = "Domain", "..\Models\Domain.csproj", "{4243E229-01B2-47BC-969E-D48C72EAE694}"
EndProject
Project("{9A19103F-16F7-4668-BE54-9A1E7A4F7556}") = "GearShopWeb", "..\GearShop\GearShopWeb.csproj", "{82AF494B-D484-4668-A20A-6AC0F32687BE}"
EndProject
Global
	GlobalSection(SolutionConfigurationPlatforms) = preSolution
		Debug|Any CPU = Debug|Any CPU
		Release|Any CPU = Release|Any CPU
	EndGlobalSection
	GlobalSection(ProjectConfigurationPlatforms) = postSolution
		{C5D652A0-DD28-46D7-BC2D-EB661E78A185}.Debug|Any CPU.ActiveCfg = Debug|Any CPU
		{C5D652A0-DD28-46D7-BC2D-EB661E78A185}.Debug|Any CPU.Build.0 = Debug|Any CPU
		{C5D652A0-DD28-46D7-BC2D-EB661E78A185}.Release|Any CPU.ActiveCfg = Release|Any CPU
		{C5D652A0-DD28-46D7-BC2D-EB661E78A185}.Release|Any CPU.Build.0 = Release|Any CPU
		{87F3202C-CAE4-4321-A473-11E61CF00B4A}.Debug|Any CPU.ActiveCfg = Debug|Any CPU
		{87F3202C-CAE4-4321-A473-11E61CF00B4A}.Debug|Any CPU.Build.0 = Debug|Any CPU
		{87F3202C-CAE4-4321-A473-11E61CF00B4A}.Release|Any CPU.ActiveCfg = Release|Any CPU
		{87F3202C-CAE4-4321-A473-11E61CF00B4A}.Release|Any CPU.Build.0 = Release|Any CPU
		{4243E229-01B2-47BC-969E-D48C72EAE694}.Debug|Any CPU.ActiveCfg = Debug|Any CPU
		{4243E229-01B2-47BC-969E-D48C72EAE694}.Debug|Any CPU.Build.0 = Debug|Any CPU
		{4243E229-01B2-47BC-969E-D48C72EAE694}.Release|Any CPU.ActiveCfg = Release|Any CPU
		{4243E229-01B2-47BC-969E-D48C72EAE694}.Release|Any CPU.Build.0 = Release|Any CPU
		{82AF494B-D484-4668-A20A-6AC0F32687BE}.Debug|Any CPU.ActiveCfg = Debug|Any CPU
		{82AF494B-D484-4668-A20A-6AC0F32687BE}.Debug|Any CPU.Build.0 = Debug|Any CPU
		{82AF494B-D484-4668-A20A-6AC0F32687BE}.Release|Any CPU.ActiveCfg = Release|Any CPU
		{82AF494B-D484-4668-A20A-6AC0F32687BE}.Release|Any CPU.Build.0 = Release|Any CPU
	EndGlobalSection
	GlobalSection(SolutionProperties) = preSolution
		HideSolutionNode = FALSE
	EndGlobalSection
	GlobalSection(ExtensibilityGlobals) = postSolution
		SolutionGuid = {BB3333D1-D3D0-47DC-84C4-0D9366E488C7}
	EndGlobalSection
EndGlobal
