
Microsoft Visual Studio Solution File, Format Version 12.00
# Visual Studio Version 17
VisualStudioVersion = 17.7.34031.279
MinimumVisualStudioVersion = 10.0.40219.1
Project("{9A19103F-16F7-4668-BE54-9A1E7A4F7556}") = "Domain", "..\Models\Domain.csproj", "{2F7D3BBC-D172-44DF-8552-738DD436DF85}"
EndProject
Project("{9A19103F-16F7-4668-BE54-9A1E7A4F7556}") = "Test", "..\Test\Test.csproj", "{CAC2DADE-4E3B-4F73-A5DA-2042741C4624}"
EndProject
Project("{9A19103F-16F7-4668-BE54-9A1E7A4F7556}") = "Application", "..\Application\Application.csproj", "{36C91E6A-C315-4E74-A8F9-03F5C1EEA9AE}"
EndProject
Global
	GlobalSection(SolutionConfigurationPlatforms) = preSolution
		Debug|Any CPU = Debug|Any CPU
		Release|Any CPU = Release|Any CPU
	EndGlobalSection
	GlobalSection(ProjectConfigurationPlatforms) = postSolution
		{2F7D3BBC-D172-44DF-8552-738DD436DF85}.Debug|Any CPU.ActiveCfg = Debug|Any CPU
		{2F7D3BBC-D172-44DF-8552-738DD436DF85}.Debug|Any CPU.Build.0 = Debug|Any CPU
		{2F7D3BBC-D172-44DF-8552-738DD436DF85}.Release|Any CPU.ActiveCfg = Release|Any CPU
		{2F7D3BBC-D172-44DF-8552-738DD436DF85}.Release|Any CPU.Build.0 = Release|Any CPU
		{CAC2DADE-4E3B-4F73-A5DA-2042741C4624}.Debug|Any CPU.ActiveCfg = Debug|Any CPU
		{CAC2DADE-4E3B-4F73-A5DA-2042741C4624}.Debug|Any CPU.Build.0 = Debug|Any CPU
		{CAC2DADE-4E3B-4F73-A5DA-2042741C4624}.Release|Any CPU.ActiveCfg = Release|Any CPU
		{CAC2DADE-4E3B-4F73-A5DA-2042741C4624}.Release|Any CPU.Build.0 = Release|Any CPU
		{36C91E6A-C315-4E74-A8F9-03F5C1EEA9AE}.Debug|Any CPU.ActiveCfg = Debug|Any CPU
		{36C91E6A-C315-4E74-A8F9-03F5C1EEA9AE}.Debug|Any CPU.Build.0 = Debug|Any CPU
		{36C91E6A-C315-4E74-A8F9-03F5C1EEA9AE}.Release|Any CPU.ActiveCfg = Release|Any CPU
		{36C91E6A-C315-4E74-A8F9-03F5C1EEA9AE}.Release|Any CPU.Build.0 = Release|Any CPU
	EndGlobalSection
	GlobalSection(SolutionProperties) = preSolution
		HideSolutionNode = FALSE
	EndGlobalSection
	GlobalSection(ExtensibilityGlobals) = postSolution
		SolutionGuid = {3BDB612F-A6EB-416A-9858-3331E43608B1}
	EndGlobalSection
EndGlobal
